
Microsoft Visual Studio Solution File, Format Version 12.00
# Visual Studio Version 16
VisualStudioVersion = 16.0.31702.278
MinimumVisualStudioVersion = 10.0.40219.1
Project("{8BC9CEB8-8B4A-11D0-8D11-00A0C91BC942}") = "lab1", "Tushentsov_Alexandr_211_353_lab1.vcxproj", "{030D1603-5028-4D2F-81D9-6DD80D0C4EB9}"
EndProject
Project("{8BC9CEB8-8B4A-11D0-8D11-00A0C91BC942}") = "lab2", "..\lab2\lab2.vcxproj", "{01B836FE-EAF7-4FC2-A1C7-BEBDCB154286}"
EndProject
Project("{8BC9CEB8-8B4A-11D0-8D11-00A0C91BC942}") = "lab3", "..\lab3\lab3.vcxproj", "{D7911521-B63E-4B9C-9B87-6BCDE4EE4727}"
EndProject
Project("{8BC9CEB8-8B4A-11D0-8D11-00A0C91BC942}") = "lab4", "..\lab4\lab4.vcxproj", "{E89B830F-FAFC-4F59-B57D-CB774138179D}"
EndProject
Project("{8BC9CEB8-8B4A-11D0-8D11-00A0C91BC942}") = "lab4.1", "..\lab4.1\lab4.1.vcxproj", "{BDD29298-8189-4A09-818E-FA487BA319F9}"
EndProject
Project("{8BC9CEB8-8B4A-11D0-8D11-00A0C91BC942}") = "lab4.2", "..\lab4.2\lab4.2.vcxproj", "{BD2EF1E9-1D80-4822-9B6A-D3342FDE3B48}"
EndProject
Project("{8BC9CEB8-8B4A-11D0-8D11-00A0C91BC942}") = "lab5.1", "..\lab5.1\lab5.1.vcxproj", "{B2F04F47-D90A-4202-9972-FD09974BFB95}"
EndProject
Project("{8BC9CEB8-8B4A-11D0-8D11-00A0C91BC942}") = "lab5.3", "..\lab5.3\lab5.3.vcxproj", "{36327814-26BF-468A-95EE-AEA138A40DA7}"
EndProject
Project("{8BC9CEB8-8B4A-11D0-8D11-00A0C91BC942}") = "lab5.4", "..\lab5.4\lab5.4.vcxproj", "{72258E23-9E7B-4369-9586-D4999A64A33C}"
EndProject
Project("{8BC9CEB8-8B4A-11D0-8D11-00A0C91BC942}") = "lab6.1", "..\lab6.1\lab6.1.vcxproj", "{1A23288A-405B-40B7-B015-F3D865BFE989}"
EndProject
Global
	GlobalSection(SolutionConfigurationPlatforms) = preSolution
		Debug|x64 = Debug|x64
		Debug|x86 = Debug|x86
		Release|x64 = Release|x64
		Release|x86 = Release|x86
	EndGlobalSection
	GlobalSection(ProjectConfigurationPlatforms) = postSolution
		{030D1603-5028-4D2F-81D9-6DD80D0C4EB9}.Debug|x64.ActiveCfg = Debug|x64
		{030D1603-5028-4D2F-81D9-6DD80D0C4EB9}.Debug|x64.Build.0 = Debug|x64
		{030D1603-5028-4D2F-81D9-6DD80D0C4EB9}.Debug|x86.ActiveCfg = Debug|Win32
		{030D1603-5028-4D2F-81D9-6DD80D0C4EB9}.Debug|x86.Build.0 = Debug|Win32
		{030D1603-5028-4D2F-81D9-6DD80D0C4EB9}.Release|x64.ActiveCfg = Release|x64
		{030D1603-5028-4D2F-81D9-6DD80D0C4EB9}.Release|x64.Build.0 = Release|x64
		{030D1603-5028-4D2F-81D9-6DD80D0C4EB9}.Release|x86.ActiveCfg = Release|Win32
		{030D1603-5028-4D2F-81D9-6DD80D0C4EB9}.Release|x86.Build.0 = Release|Win32
		{01B836FE-EAF7-4FC2-A1C7-BEBDCB154286}.Debug|x64.ActiveCfg = Debug|x64
		{01B836FE-EAF7-4FC2-A1C7-BEBDCB154286}.Debug|x64.Build.0 = Debug|x64
		{01B836FE-EAF7-4FC2-A1C7-BEBDCB154286}.Debug|x86.ActiveCfg = Debug|Win32
		{01B836FE-EAF7-4FC2-A1C7-BEBDCB154286}.Debug|x86.Build.0 = Debug|Win32
		{01B836FE-EAF7-4FC2-A1C7-BEBDCB154286}.Release|x64.ActiveCfg = Release|x64
		{01B836FE-EAF7-4FC2-A1C7-BEBDCB154286}.Release|x64.Build.0 = Release|x64
		{01B836FE-EAF7-4FC2-A1C7-BEBDCB154286}.Release|x86.ActiveCfg = Release|Win32
		{01B836FE-EAF7-4FC2-A1C7-BEBDCB154286}.Release|x86.Build.0 = Release|Win32
		{D7911521-B63E-4B9C-9B87-6BCDE4EE4727}.Debug|x64.ActiveCfg = Debug|x64
		{D7911521-B63E-4B9C-9B87-6BCDE4EE4727}.Debug|x64.Build.0 = Debug|x64
		{D7911521-B63E-4B9C-9B87-6BCDE4EE4727}.Debug|x86.ActiveCfg = Debug|Win32
		{D7911521-B63E-4B9C-9B87-6BCDE4EE4727}.Debug|x86.Build.0 = Debug|Win32
		{D7911521-B63E-4B9C-9B87-6BCDE4EE4727}.Release|x64.ActiveCfg = Release|x64
		{D7911521-B63E-4B9C-9B87-6BCDE4EE4727}.Release|x64.Build.0 = Release|x64
		{D7911521-B63E-4B9C-9B87-6BCDE4EE4727}.Release|x86.ActiveCfg = Release|Win32
		{D7911521-B63E-4B9C-9B87-6BCDE4EE4727}.Release|x86.Build.0 = Release|Win32
		{E89B830F-FAFC-4F59-B57D-CB774138179D}.Debug|x64.ActiveCfg = Debug|x64
		{E89B830F-FAFC-4F59-B57D-CB774138179D}.Debug|x64.Build.0 = Debug|x64
		{E89B830F-FAFC-4F59-B57D-CB774138179D}.Debug|x86.ActiveCfg = Debug|Win32
		{E89B830F-FAFC-4F59-B57D-CB774138179D}.Debug|x86.Build.0 = Debug|Win32
		{E89B830F-FAFC-4F59-B57D-CB774138179D}.Release|x64.ActiveCfg = Release|x64
		{E89B830F-FAFC-4F59-B57D-CB774138179D}.Release|x64.Build.0 = Release|x64
		{E89B830F-FAFC-4F59-B57D-CB774138179D}.Release|x86.ActiveCfg = Release|Win32
		{E89B830F-FAFC-4F59-B57D-CB774138179D}.Release|x86.Build.0 = Release|Win32
		{BDD29298-8189-4A09-818E-FA487BA319F9}.Debug|x64.ActiveCfg = Debug|x64
		{BDD29298-8189-4A09-818E-FA487BA319F9}.Debug|x64.Build.0 = Debug|x64
		{BDD29298-8189-4A09-818E-FA487BA319F9}.Debug|x86.ActiveCfg = Debug|Win32
		{BDD29298-8189-4A09-818E-FA487BA319F9}.Debug|x86.Build.0 = Debug|Win32
		{BDD29298-8189-4A09-818E-FA487BA319F9}.Release|x64.ActiveCfg = Release|x64
		{BDD29298-8189-4A09-818E-FA487BA319F9}.Release|x64.Build.0 = Release|x64
		{BDD29298-8189-4A09-818E-FA487BA319F9}.Release|x86.ActiveCfg = Release|Win32
		{BDD29298-8189-4A09-818E-FA487BA319F9}.Release|x86.Build.0 = Release|Win32
		{BD2EF1E9-1D80-4822-9B6A-D3342FDE3B48}.Debug|x64.ActiveCfg = Debug|x64
		{BD2EF1E9-1D80-4822-9B6A-D3342FDE3B48}.Debug|x64.Build.0 = Debug|x64
		{BD2EF1E9-1D80-4822-9B6A-D3342FDE3B48}.Debug|x86.ActiveCfg = Debug|Win32
		{BD2EF1E9-1D80-4822-9B6A-D3342FDE3B48}.Debug|x86.Build.0 = Debug|Win32
		{BD2EF1E9-1D80-4822-9B6A-D3342FDE3B48}.Release|x64.ActiveCfg = Release|x64
		{BD2EF1E9-1D80-4822-9B6A-D3342FDE3B48}.Release|x64.Build.0 = Release|x64
		{BD2EF1E9-1D80-4822-9B6A-D3342FDE3B48}.Release|x86.ActiveCfg = Release|Win32
		{BD2EF1E9-1D80-4822-9B6A-D3342FDE3B48}.Release|x86.Build.0 = Release|Win32
		{B2F04F47-D90A-4202-9972-FD09974BFB95}.Debug|x64.ActiveCfg = Debug|x64
		{B2F04F47-D90A-4202-9972-FD09974BFB95}.Debug|x64.Build.0 = Debug|x64
		{B2F04F47-D90A-4202-9972-FD09974BFB95}.Debug|x86.ActiveCfg = Debug|Win32
		{B2F04F47-D90A-4202-9972-FD09974BFB95}.Debug|x86.Build.0 = Debug|Win32
		{B2F04F47-D90A-4202-9972-FD09974BFB95}.Release|x64.ActiveCfg = Release|x64
		{B2F04F47-D90A-4202-9972-FD09974BFB95}.Release|x64.Build.0 = Release|x64
		{B2F04F47-D90A-4202-9972-FD09974BFB95}.Release|x86.ActiveCfg = Release|Win32
		{B2F04F47-D90A-4202-9972-FD09974BFB95}.Release|x86.Build.0 = Release|Win32
		{36327814-26BF-468A-95EE-AEA138A40DA7}.Debug|x64.ActiveCfg = Debug|x64
		{36327814-26BF-468A-95EE-AEA138A40DA7}.Debug|x64.Build.0 = Debug|x64
		{36327814-26BF-468A-95EE-AEA138A40DA7}.Debug|x86.ActiveCfg = Debug|Win32
		{36327814-26BF-468A-95EE-AEA138A40DA7}.Debug|x86.Build.0 = Debug|Win32
		{36327814-26BF-468A-95EE-AEA138A40DA7}.Release|x64.ActiveCfg = Release|x64
		{36327814-26BF-468A-95EE-AEA138A40DA7}.Release|x64.Build.0 = Release|x64
		{36327814-26BF-468A-95EE-AEA138A40DA7}.Release|x86.ActiveCfg = Release|Win32
		{36327814-26BF-468A-95EE-AEA138A40DA7}.Release|x86.Build.0 = Release|Win32
		{72258E23-9E7B-4369-9586-D4999A64A33C}.Debug|x64.ActiveCfg = Debug|x64
		{72258E23-9E7B-4369-9586-D4999A64A33C}.Debug|x64.Build.0 = Debug|x64
		{72258E23-9E7B-4369-9586-D4999A64A33C}.Debug|x86.ActiveCfg = Debug|Win32
		{72258E23-9E7B-4369-9586-D4999A64A33C}.Debug|x86.Build.0 = Debug|Win32
		{72258E23-9E7B-4369-9586-D4999A64A33C}.Release|x64.ActiveCfg = Release|x64
		{72258E23-9E7B-4369-9586-D4999A64A33C}.Release|x64.Build.0 = Release|x64
		{72258E23-9E7B-4369-9586-D4999A64A33C}.Release|x86.ActiveCfg = Release|Win32
		{72258E23-9E7B-4369-9586-D4999A64A33C}.Release|x86.Build.0 = Release|Win32
		{1A23288A-405B-40B7-B015-F3D865BFE989}.Debug|x64.ActiveCfg = Debug|x64
		{1A23288A-405B-40B7-B015-F3D865BFE989}.Debug|x64.Build.0 = Debug|x64
		{1A23288A-405B-40B7-B015-F3D865BFE989}.Debug|x86.ActiveCfg = Debug|Win32
		{1A23288A-405B-40B7-B015-F3D865BFE989}.Debug|x86.Build.0 = Debug|Win32
		{1A23288A-405B-40B7-B015-F3D865BFE989}.Release|x64.ActiveCfg = Release|x64
		{1A23288A-405B-40B7-B015-F3D865BFE989}.Release|x64.Build.0 = Release|x64
		{1A23288A-405B-40B7-B015-F3D865BFE989}.Release|x86.ActiveCfg = Release|Win32
		{1A23288A-405B-40B7-B015-F3D865BFE989}.Release|x86.Build.0 = Release|Win32
	EndGlobalSection
	GlobalSection(SolutionProperties) = preSolution
		HideSolutionNode = FALSE
	EndGlobalSection
	GlobalSection(ExtensibilityGlobals) = postSolution
		SolutionGuid = {412A35E8-1F12-425C-B16B-6C78138494DC}
	EndGlobalSection
EndGlobal
